
Microsoft Visual Studio Solution File, Format Version 12.00
# Visual Studio Version 17
VisualStudioVersion = 17.0.31903.59
MinimumVisualStudioVersion = 10.0.40219.1
Project("{2150E333-8FDC-42A3-9474-1A3956D46DE8}") = "apps", "apps", "{1787FE1D-075E-9E68-7218-25F1BD1BBEAB}"
EndProject
Project("{2150E333-8FDC-42A3-9474-1A3956D46DE8}") = "api", "api", "{BC2D172B-13BC-136C-CDB1-4B1A687208C4}"
EndProject
Project("{2150E333-8FDC-42A3-9474-1A3956D46DE8}") = "src", "src", "{5297E159-35AB-900F-0FBF-1931F1997C37}"
EndProject
Project("{FAE04EC0-301F-11D3-BF4B-00C04F79EFBC}") = "GameOrg.Domain", "apps\api\src\GameOrg.Domain\GameOrg.Domain.csproj", "{BB13A9B3-3835-43EF-A8A4-74A8E3EE2523}"
EndProject
Project("{FAE04EC0-301F-11D3-BF4B-00C04F79EFBC}") = "GameOrg.Infrastructure", "apps\api\src\GameOrg.Infrastructure\GameOrg.Infrastructure.csproj", "{D2347074-A11A-49E1-A069-529A09070CC5}"
EndProject
Project("{FAE04EC0-301F-11D3-BF4B-00C04F79EFBC}") = "GameOrg.Api", "apps\api\src\GameOrg.Api\GameOrg.Api.csproj", "{9536F38A-9536-44E2-B530-8DBDE6D214C7}"
EndProject
Project("{FAE04EC0-301F-11D3-BF4B-00C04F79EFBC}") = "GameOrg.UnitTests", "apps\api\tests\GameOrg.UnitTests\GameOrg.UnitTests.csproj", "{64082277-414C-4994-98D2-71C3B39FD8C3}"
EndProject
Project("{FAE04EC0-301F-11D3-BF4B-00C04F79EFBC}") = "GameOrg.IntegrationTests", "apps\api\tests\GameOrg.IntegrationTests\GameOrg.IntegrationTests.csproj", "{A76A080D-8594-4B66-BEDD-A2D93D8E2539}"
EndProject
Global
	GlobalSection(SolutionConfigurationPlatforms) = preSolution
		Debug|Any CPU = Debug|Any CPU
		Debug|x64 = Debug|x64
		Debug|x86 = Debug|x86
		Release|Any CPU = Release|Any CPU
		Release|x64 = Release|x64
		Release|x86 = Release|x86
	EndGlobalSection
	GlobalSection(ProjectConfigurationPlatforms) = postSolution
		{BB13A9B3-3835-43EF-A8A4-74A8E3EE2523}.Debug|Any CPU.ActiveCfg = Debug|Any CPU
		{BB13A9B3-3835-43EF-A8A4-74A8E3EE2523}.Debug|Any CPU.Build.0 = Debug|Any CPU
		{BB13A9B3-3835-43EF-A8A4-74A8E3EE2523}.Debug|x64.ActiveCfg = Debug|Any CPU
		{BB13A9B3-3835-43EF-A8A4-74A8E3EE2523}.Debug|x64.Build.0 = Debug|Any CPU
		{BB13A9B3-3835-43EF-A8A4-74A8E3EE2523}.Debug|x86.ActiveCfg = Debug|Any CPU
		{BB13A9B3-3835-43EF-A8A4-74A8E3EE2523}.Debug|x86.Build.0 = Debug|Any CPU
		{BB13A9B3-3835-43EF-A8A4-74A8E3EE2523}.Release|Any CPU.ActiveCfg = Release|Any CPU
		{BB13A9B3-3835-43EF-A8A4-74A8E3EE2523}.Release|Any CPU.Build.0 = Release|Any CPU
		{BB13A9B3-3835-43EF-A8A4-74A8E3EE2523}.Release|x64.ActiveCfg = Release|Any CPU
		{BB13A9B3-3835-43EF-A8A4-74A8E3EE2523}.Release|x64.Build.0 = Release|Any CPU
		{BB13A9B3-3835-43EF-A8A4-74A8E3EE2523}.Release|x86.ActiveCfg = Release|Any CPU
		{BB13A9B3-3835-43EF-A8A4-74A8E3EE2523}.Release|x86.Build.0 = Release|Any CPU
		{D2347074-A11A-49E1-A069-529A09070CC5}.Debug|Any CPU.ActiveCfg = Debug|Any CPU
		{D2347074-A11A-49E1-A069-529A09070CC5}.Debug|Any CPU.Build.0 = Debug|Any CPU
		{D2347074-A11A-49E1-A069-529A09070CC5}.Debug|x64.ActiveCfg = Debug|Any CPU
		{D2347074-A11A-49E1-A069-529A09070CC5}.Debug|x64.Build.0 = Debug|Any CPU
		{D2347074-A11A-49E1-A069-529A09070CC5}.Debug|x86.ActiveCfg = Debug|Any CPU
		{D2347074-A11A-49E1-A069-529A09070CC5}.Debug|x86.Build.0 = Debug|Any CPU
		{D2347074-A11A-49E1-A069-529A09070CC5}.Release|Any CPU.ActiveCfg = Release|Any CPU
		{D2347074-A11A-49E1-A069-529A09070CC5}.Release|Any CPU.Build.0 = Release|Any CPU
		{D2347074-A11A-49E1-A069-529A09070CC5}.Release|x64.ActiveCfg = Release|Any CPU
		{D2347074-A11A-49E1-A069-529A09070CC5}.Release|x64.Build.0 = Release|Any CPU
		{D2347074-A11A-49E1-A069-529A09070CC5}.Release|x86.ActiveCfg = Release|Any CPU
		{D2347074-A11A-49E1-A069-529A09070CC5}.Release|x86.Build.0 = Release|Any CPU
		{9536F38A-9536-44E2-B530-8DBDE6D214C7}.Debug|Any CPU.ActiveCfg = Debug|Any CPU
		{9536F38A-9536-44E2-B530-8DBDE6D214C7}.Debug|Any CPU.Build.0 = Debug|Any CPU
		{9536F38A-9536-44E2-B530-8DBDE6D214C7}.Debug|x64.ActiveCfg = Debug|Any CPU
		{9536F38A-9536-44E2-B530-8DBDE6D214C7}.Debug|x64.Build.0 = Debug|Any CPU
		{9536F38A-9536-44E2-B530-8DBDE6D214C7}.Debug|x86.ActiveCfg = Debug|Any CPU
		{9536F38A-9536-44E2-B530-8DBDE6D214C7}.Debug|x86.Build.0 = Debug|Any CPU
		{9536F38A-9536-44E2-B530-8DBDE6D214C7}.Release|Any CPU.ActiveCfg = Release|Any CPU
		{9536F38A-9536-44E2-B530-8DBDE6D214C7}.Release|Any CPU.Build.0 = Release|Any CPU
		{9536F38A-9536-44E2-B530-8DBDE6D214C7}.Release|x64.ActiveCfg = Release|Any CPU
		{9536F38A-9536-44E2-B530-8DBDE6D214C7}.Release|x64.Build.0 = Release|Any CPU
		{9536F38A-9536-44E2-B530-8DBDE6D214C7}.Release|x86.ActiveCfg = Release|Any CPU
		{9536F38A-9536-44E2-B530-8DBDE6D214C7}.Release|x86.Build.0 = Release|Any CPU
		{64082277-414C-4994-98D2-71C3B39FD8C3}.Debug|Any CPU.ActiveCfg = Debug|Any CPU
		{64082277-414C-4994-98D2-71C3B39FD8C3}.Debug|Any CPU.Build.0 = Debug|Any CPU
		{64082277-414C-4994-98D2-71C3B39FD8C3}.Debug|x64.ActiveCfg = Debug|Any CPU
		{64082277-414C-4994-98D2-71C3B39FD8C3}.Debug|x64.Build.0 = Debug|Any CPU
		{64082277-414C-4994-98D2-71C3B39FD8C3}.Debug|x86.ActiveCfg = Debug|Any CPU
		{64082277-414C-4994-98D2-71C3B39FD8C3}.Debug|x86.Build.0 = Debug|Any CPU
		{64082277-414C-4994-98D2-71C3B39FD8C3}.Release|Any CPU.ActiveCfg = Release|Any CPU
		{64082277-414C-4994-98D2-71C3B39FD8C3}.Release|Any CPU.Build.0 = Release|Any CPU
		{64082277-414C-4994-98D2-71C3B39FD8C3}.Release|x64.ActiveCfg = Release|Any CPU
		{64082277-414C-4994-98D2-71C3B39FD8C3}.Release|x64.Build.0 = Release|Any CPU
		{64082277-414C-4994-98D2-71C3B39FD8C3}.Release|x86.ActiveCfg = Release|Any CPU
		{64082277-414C-4994-98D2-71C3B39FD8C3}.Release|x86.Build.0 = Release|Any CPU
		{A76A080D-8594-4B66-BEDD-A2D93D8E2539}.Debug|Any CPU.ActiveCfg = Debug|Any CPU
		{A76A080D-8594-4B66-BEDD-A2D93D8E2539}.Debug|Any CPU.Build.0 = Debug|Any CPU
		{A76A080D-8594-4B66-BEDD-A2D93D8E2539}.Debug|x64.ActiveCfg = Debug|Any CPU
		{A76A080D-8594-4B66-BEDD-A2D93D8E2539}.Debug|x64.Build.0 = Debug|Any CPU
		{A76A080D-8594-4B66-BEDD-A2D93D8E2539}.Debug|x86.ActiveCfg = Debug|Any CPU
		{A76A080D-8594-4B66-BEDD-A2D93D8E2539}.Debug|x86.Build.0 = Debug|Any CPU
		{A76A080D-8594-4B66-BEDD-A2D93D8E2539}.Release|Any CPU.ActiveCfg = Release|Any CPU
		{A76A080D-8594-4B66-BEDD-A2D93D8E2539}.Release|Any CPU.Build.0 = Release|Any CPU
		{A76A080D-8594-4B66-BEDD-A2D93D8E2539}.Release|x64.ActiveCfg = Release|Any CPU
		{A76A080D-8594-4B66-BEDD-A2D93D8E2539}.Release|x64.Build.0 = Release|Any CPU
		{A76A080D-8594-4B66-BEDD-A2D93D8E2539}.Release|x86.ActiveCfg = Release|Any CPU
		{A76A080D-8594-4B66-BEDD-A2D93D8E2539}.Release|x86.Build.0 = Release|Any CPU
	EndGlobalSection
	GlobalSection(SolutionProperties) = preSolution
		HideSolutionNode = FALSE
	EndGlobalSection
	GlobalSection(NestedProjects) = preSolution
		{BC2D172B-13BC-136C-CDB1-4B1A687208C4} = {1787FE1D-075E-9E68-7218-25F1BD1BBEAB}
		{5297E159-35AB-900F-0FBF-1931F1997C37} = {BC2D172B-13BC-136C-CDB1-4B1A687208C4}
		{BB13A9B3-3835-43EF-A8A4-74A8E3EE2523} = {5297E159-35AB-900F-0FBF-1931F1997C37}
		{D2347074-A11A-49E1-A069-529A09070CC5} = {5297E159-35AB-900F-0FBF-1931F1997C37}
		{9536F38A-9536-44E2-B530-8DBDE6D214C7} = {5297E159-35AB-900F-0FBF-1931F1997C37}
		{64082277-414C-4994-98D2-71C3B39FD8C3} = {5297E159-35AB-900F-0FBF-1931F1997C37}
		{A76A080D-8594-4B66-BEDD-A2D93D8E2539} = {5297E159-35AB-900F-0FBF-1931F1997C37}
	EndGlobalSection
EndGlobal
